version = 1
revision = 3
requires-python = "==3.12.*"

[[package]]
name = "colorama"
version = "0.4.6"
source = { registry = "https://pypi.org/simple" }
sdist = { url = "https://files.pythonhosted.org/packages/d8/53/6f443c9a4a8358a93a6792e2acffb9d9d5cb0a5cfd8802644b7b1c9a02e4/colorama-0.4.6.tar.gz", hash = "sha256:08695f5cb7ed6e0531a20572697297273c47b8cae5a63ffc6d6ed5c201be6e44", size = 27697, upload-time = "2022-10-25T02:36:22.414Z" }
wheels = [
    { url = "https://files.pythonhosted.org/packages/d1/d6/3965ed04c63042e047cb6a3e6ed1a63a35087b6a609aa3a15ed8ac56c221/colorama-0.4.6-py2.py3-none-any.whl", hash = "sha256:4f1d9991f5acc0ca119f9d443620b77f9d6b33703e51011c16baf57afb285fc6", size = 25335, upload-time = "2022-10-25T02:36:20.889Z" },
]

[[package]]
name = "coverage"
version = "7.16.2"
source = { registry = "https://pypi.org/simple" }
sdist = { url = "https://files.pythonhosted.org/packages/2f/55/d1eaf3e73781174340a00dc1ba2aee8a65f82fadb18e2797b192b6b3925b/coverage-7.16.2.tar.gz", hash = "sha256:ca64d9f1f384f151b9511bec01126072acd2f313439f8ed015a22d8790aab6fa", size = 971999, upload-time = "2026-09-27T12:29:01.118Z" }
wheels = [
    { url = "https://files.pythonhosted.org/packages/5e/2c/f8296c63c5d542f3d21aed685e56b7031a419037d155bb3382fc0940d249/coverage-7.16.2-cp312-cp312-macosx_10_13_x86_64.whl", hash = "sha256:218d742afca2b5ad5ca759e93eddedfbcc6eadf8322f080dcefc40b7bd4e2d48", size = 223969, upload-time = "2026-09-27T12:26:16.753Z" },
    { url = "https://files.pythonhosted.org/packages/90/23/6f3dcb1423a0d43216e402ea1746e4a7c7c44f38896b97dd573790f56a40/coverage-7.16.2-cp312-cp312-macosx_11_0_arm64.whl", hash = "sha256:a9a638be322a8d76a41cdb17781c7f82aaee6a66493d8ffb7e2c09ee22423d99", size = 224328, upload-time = "2026-09-27T12:26:18.15Z" },
    { url = "https://files.pythonhosted.org/packages/ac/7d/8f3b6dc920e3fc6732f7678785a2091db439f186afbec30dbf2214d9b1f7/coverage-7.16.2-cp312-cp312-manylinux1_i686.manylinux_2_28_i686.manylinux_2_5_i686.whl", hash = "sha256:724bd0f1e81856b35e59fc98cf7b4e544a3cb662e4e0864dca73d4326ee9d808", size = 255832, upload-time = "2026-09-27T12:26:19.799Z" },
    { url = "https://files.pythonhosted.org/packages/d1/36/6c45f15be4eca4ac1062c6a55a323286494c99726a7e58951fe85967ac08/coverage-7.16.2-cp312-cp312-manylinux1_x86_64.manylinux_2_28_x86_64.manylinux_2_5_x86_64.whl", hash = "sha256:5375ebd99038021b35e99dc88255022912c06565d316212f4a576e4b08d30f5d", size = 258571, upload-time = "2026-09-27T12:26:21.199Z" },
    { url = "https://files.pythonhosted.org/packages/34/fb/b54cbeba3ad89082c2e441278681859e538322cc34b84b2af7ebff00080f/coverage-7.16.2-cp312-cp312-manylinux2014_aarch64.manylinux_2_17_aarch64.manylinux_2_28_aarch64.whl", hash = "sha256:7a076277ca9f5750cc230f0f578ebd2620cec60255b25707361699fef6fb465c", size = 259680, upload-time = "2026-09-27T12:26:22.822Z" },
    { url = "https://files.pythonhosted.org/packages/6e/a2/0dc65ec3d61930e1e4c2e371763b15eb4290896eb343a12d5d3091308116/coverage-7.16.2-cp312-cp312-manylinux2014_ppc64le.manylinux_2_17_ppc64le.manylinux_2_28_ppc64le.whl", hash = "sha256:58d4a54c6ea672afef66d49be922a2c69826c5ae1a42a9cd94f0c9c2bacdf800", size = 261945, upload-time = "2026-09-27T12:26:24.336Z" },
    { url = "https://files.pythonhosted.org/packages/d6/93/5fad7a61f2c14e08e98946fc31c1c7ffc1195061bf3fdc351db3be77a863/coverage-7.16.2-cp312-cp312-manylinux_2_31_riscv64.manylinux_2_39_riscv64.whl", hash = "sha256:0dcbcfcc059117284c603ff8cb61a65872512882f84a8cf0339241f7f7c2f148", size = 256191, upload-time = "2026-09-27T12:26:25.89Z" },
    { url = "https://files.pythonhosted.org/packages/2d/47/74e5de9227b939ece9f64e729645ddc4296bea10dbfa98721c1333c8be2e/coverage-7.16.2-cp312-cp312-musllinux_1_2_aarch64.whl", hash = "sha256:afdf43b72ef3876c1fe66423b91466e37877c9e81e8cec70542b7e8525b9d1b7", size = 257610, upload-time = "2026-09-27T12:26:27.35Z" },
    { url = "https://files.pythonhosted.org/packages/13/fe/2cf28d40b43645d1b72388fe3ee7f7c747533a6a9557bb8c24a7ae74fe1a/coverage-7.16.2-cp312-cp312-musllinux_1_2_i686.whl", hash = "sha256:9acc7f7ec4a1b5f89bd929fde5b8a714f6fafdc6cc18725413d510aa082b47ad", size = 255757, upload-time = "2026-09-27T12:26:28.949Z" },
    { url = "https://files.pythonhosted.org/packages/d7/3d/7c149fd99fc8bbc39c80db5e688d1d39fd040be2ecb78b8335a51a55b9c0/coverage-7.16.2-cp312-cp312-musllinux_1_2_ppc64le.whl", hash = "sha256:80d3f7b48d43ee8fc5e8707a8adb43d743a5a1a85256c25a24f9d6d0e2238fa6", size = 259822, upload-time = "2026-09-27T12:26:30.515Z" },
    { url = "https://files.pythonhosted.org/packages/e6/3f/b283fce09d5995e227bd8e513358dd7471bedc0f78abc85a925ebdb0a2f6/coverage-7.16.2-cp312-cp312-musllinux_1_2_riscv64.whl", hash = "sha256:126d1af8804d7224421fe991ff65d3ce649081560df7a98b1a5ffff07f9923bd", size = 255325, upload-time = "2026-09-27T12:26:32.037Z" },
    { url = "https://files.pythonhosted.org/packages/bf/91/f3325edf0c4223fb1fe1532b8dbef2a1d2f729459a9a7d1a44d073bae534/coverage-7.16.2-cp312-cp312-musllinux_1_2_x86_64.whl", hash = "sha256:c19cd6d025c1673f22afcd22c7df8a662d779e05d8e3fa6820c22afb895b0206", size = 257191, upload-time = "2026-09-27T12:26:33.525Z" },
    { url = "https://files.pythonhosted.org/packages/c4/89/21eb5e83ecf2eed523c4eb3d65ae513cd082c8fd1b6deb34c4cb6c332f97/coverage-7.16.2-cp312-cp312-win32.whl", hash = "sha256:152877cdc8a07264882cfcd503ba56a3ef6cba56a70e8c70f6eb8ffd7384789a", size = 226034, upload-time = "2026-09-27T12:26:35.021Z" },
    { url = "https://files.pythonhosted.org/packages/db/de/e3ad6d864c0833624b4f1f9b53f9e58e116c945e5e965c3f1e172c5e84cd/coverage-7.16.2-cp312-cp312-win_amd64.whl", hash = "sha256:e6c52d3307824ff93b39efd99e4185d557db40bd841452abfb32e5d9151ca162", size = 226569, upload-time = "2026-09-27T12:26:36.604Z" },
    { url = "https://files.pythonhosted.org/packages/3e/c1/bccc58ebe5489cc70628f635c1932fd371f5d7da850dbcf960f95f4c4afc/coverage-7.16.2-cp312-cp312-win_arm64.whl", hash = "sha256:a678c0b6b22086ec2427359d22e37445d4a792f5fdbbc744112c7dade65cad02", size = 226372, upload-time = "2026-09-27T12:26:38.406Z" },
    { url = "https://files.pythonhosted.org/packages/3f/0c/7a64e1ac90541a8edf50daef0914848011fb057a5bf55284a4811e21939a/coverage-7.16.2-py3-none-any.whl", hash = "sha256:11d28e9123a9156cb405d8d27b44256c9a58fb5decc2073a8f17862057e3aa0f", size = 215754, upload-time = "2026-09-27T12:28:59.075Z" },
]

[[package]]
name = "execnet"
version = "2.1.2"
source = { registry = "https://pypi.org/simple" }
sdist = { url = "https://files.pythonhosted.org/packages/bf/89/780e11f9588d9e7128a3f87788354c7946a9cbb1401ad38a48c4db9a4f07/execnet-2.1.2.tar.gz", hash = "sha256:63d83bfdd9a23e35b9c6a3261412324f964c2ec8dcd8d3c6916ee9373e0befcd", size = 166622, upload-time = "2025-11-12T09:56:37.75Z" }
wheels = [
    { url = "https://files.pythonhosted.org/packages/ab/84/02fc1827e8cdded4aa65baef11296a9bbe595c474f0d6d758af082d849fd/execnet-2.1.2-py3-none-any.whl", hash = "sha256:67fba928dd5a544b783f6056f449e5e3931a5c378b128bc18501f7ea79e296ec", size = 40708, upload-time = "2025-11-12T09:56:36.333Z" },
]

[[package]]
name = "iniconfig"
version = "2.3.1"
source = { registry = "https://pypi.org/simple" }
sdist = { url = "https://files.pythonhosted.org/packages/01/e1/2069291243c926a2ff1cd706c7f3eeb9b62144bf60f77c9fb9ff2fb26bd3/iniconfig-2.3.1.tar.gz", hash = "sha256:67f4b9c50da0dedf52af349e7749a80a9057a5031199791b906c3bb3ae878960", size = 21209, upload-time = "2026-10-06T22:48:38.076Z" }
wheels = [
    { url = "https://files.pythonhosted.org/packages/56/43/4ca9e49d27a1fcf6bece6f6aec0ea46bb9112489b93d4b688fb415457bdb/iniconfig-2.3.1-py3-none-any.whl", hash = "sha256:9121e2c1fdb355232495be3194c8dfe87ccc2d5dee45947b78e68f499790d7a7", size = 7552, upload-time = "2026-10-06T22:48:36.959Z" },
]

[[package]]
name = "packaging"
version = "26.3"
source = { registry = "https://pypi.org/simple" }
sdist = { url = "https://files.pythonhosted.org/packages/7d/fa/3944b40b07da9ce895c0e6303a5ab7d53da063554f534556b134a54d6093/packaging-26.3.tar.gz", hash = "sha256:94edc256424af38762eb31306eed28beb9f0efc50a8837492c9d6fd6004aed79", size = 313412, upload-time = "2026-08-04T18:15:28.737Z" }
wheels = [
    { url = "https://files.pythonhosted.org/packages/63/34/ba1c580383c9eada3711951fef0795c80b829a078d72188184bcab9dd527/packaging-26.3-py3-none-any.whl", hash = "sha256:d7193f7c8e4e93f444fde0262bf90af30e16fa0ad0ad44cb553c87339b23cd1c", size = 129956, upload-time = "2026-08-04T18:15:27.159Z" },
]

[[package]]
name = "pluggy"
version = "1.6.0"
source = { registry = "https://pypi.org/simple" }
sdist = { url = "https://files.pythonhosted.org/packages/f9/e2/3e91f31a7d2b083fe6ef3fa267035b518369d9511ffab804f839851d2779/pluggy-1.6.0.tar.gz", hash = "sha256:7dcc130b76258d33b90f61b658791dede3486c3e6bfb003ee5c9bfb396dd22f3", size = 69412, upload-time = "2025-05-15T12:30:07.975Z" }
wheels = [
    { url = "https://files.pythonhosted.org/packages/54/20/4d324d65cc6d9205fabedc306948156824eb9f0ee1633355a8f7ec5c66bf/pluggy-1.6.0-py3-none-any.whl", hash = "sha256:e920276dd6813095e9377c0bc5566d94c932c33b27a3e3945d8389c374dd4746", size = 20538, upload-time = "2025-05-15T12:30:06.134Z" },
]

[[package]]
name = "pygments"
version = "2.21.0"
source = { registry = "https://pypi.org/simple" }
sdist = { url = "https://files.pythonhosted.org/packages/49/2e/ced460408999b33da6b31b0021b0f37d329e202d4169aeb164493778f25b/pygments-2.21.0.tar.gz", hash = "sha256:610ca751c9bc2492b38eb9a38a7fbc93edbbb2d7182edaf34e66ae493dee5c8c", size = 5005329, upload-time = "2026-08-17T08:02:48.824Z" }
wheels = [
    { url = "https://files.pythonhosted.org/packages/71/46/17f022dd3e953bf20a04a028a21ec746d942f8d2af30fa0f124fa0e6a684/pygments-2.21.0-py3-none-any.whl", hash = "sha256:2363c69b61c4a97c838da3b130dcd6468f4848992b21a82f2a63ec34377137d9", size = 1250147, upload-time = "2026-08-17T08:02:44.912Z" },
]

[[package]]
name = "pytest"
version = "9.1.1"
source = { registry = "https://pypi.org/simple" }
dependencies = [
    { name = "colorama", marker = "sys_platform == 'win32'" },
    { name = "iniconfig" },
    { name = "packaging" },
    { name = "pluggy" },
    { name = "pygments" },
]
sdist = { url = "https://files.pythonhosted.org/packages/e4/47/b9efed96c114afcfa3c9d3fe98a76a1d14c74a9e266d397cf6eb64be5e01/pytest-9.1.1.tar.gz", hash = "sha256:1088fbde8f2b49d95a549a195707afa7a76a3ce9bcadc26b6d71f0ffda5fe313", size = 1636369, upload-time = "2026-06-19T10:58:32.857Z" }
wheels = [
    { url = "https://files.pythonhosted.org/packages/24/25/1de2678b631f5a49215c6c96fff41ba892b0a34df68d6d80292b1b48aa7f/pytest-9.1.1-py3-none-any.whl", hash = "sha256:37a86b45efb9a47a61a36449063e8e18d0cab3161329fc099eb21783169c4f0c", size = 386536, upload-time = "2026-06-19T10:58:31.347Z" },
]

[[package]]
name = "pytest-cov"
version = "7.1.0"
source = { registry = "https://pypi.org/simple" }
dependencies = [
    { name = "coverage" },
    { name = "pluggy" },
    { name = "pytest" },
]
sdist = { url = "https://files.pythonhosted.org/packages/b1/51/a849f96e117386044471c8ec2bd6cfebacda285da9525c9106aeb28da671/pytest_cov-7.1.0.tar.gz", hash = "sha256:30674f2b5f6351aa09702a9c8c364f6a01c27aae0c1366ae8016160d1efc56b2", size = 55592, upload-time = "2026-03-21T20:11:16.284Z" }
wheels = [
    { url = "https://files.pythonhosted.org/packages/9d/7a/d968e294073affff457b041c2be9868a40c1c71f4a35fcc1e45e5493067b/pytest_cov-7.1.0-py3-none-any.whl", hash = "sha256:a0461110b7865f9a271aa1b51e516c9a95de9d696734a2f71e3e78f46e1d4678", size = 22876, upload-time = "2026-03-21T20:11:14.438Z" },
]

[[package]]
name = "pytest-mock"
version = "3.16.0"
source = { registry = "https://pypi.org/simple" }
dependencies = [
    { name = "pytest" },
]
sdist = { url = "https://files.pythonhosted.org/packages/7a/7f/6ed29931d5c8cd396e7c0a55412e6cc88020373365c8685985dea53d26d7/pytest_mock-3.16.0.tar.gz", hash = "sha256:5a8395528b8f498205f3718f575228d0edaed7425fff638f87d1a6c3e0383636", size = 35362, upload-time = "2026-09-27T14:57:55.46Z" }
wheels = [
    { url = "https://files.pythonhosted.org/packages/db/5b/b83a9bf1a3b4ec222f9fa083147ff6816245223da0ab92370e7e056f113f/pytest_mock-3.16.0-py3-none-any.whl", hash = "sha256:007cfeb257801d88d9c0b2a7b5a15a15e73b71968dfd72e7bf8c4a2f8393aec8", size = 10016, upload-time = "2026-09-27T14:57:54.283Z" },
]

[[package]]
name = "pytest-quest"
version = "0.1.0"
source = { virtual = "." }

[package.dev-dependencies]
dev = [
    { name = "pytest" },
    { name = "pytest-cov" },
    { name = "pytest-mock" },
    { name = "pytest-random-order" },
    { name = "pytest-xdist" },
]

[package.metadata]

[package.metadata.requires-dev]
dev = [
    { name = "pytest", specifier = "==9.1.1" },
    { name = "pytest-cov", specifier = "==7.1.0" },
    { name = "pytest-mock", specifier = "==3.16.0" },
    { name = "pytest-random-order", specifier = "==1.2.0" },
    { name = "pytest-xdist", specifier = "==3.8.0" },
]

[[package]]
name = "pytest-random-order"
version = "1.2.0"
source = { registry = "https://pypi.org/simple" }
dependencies = [
    { name = "pytest" },
]
sdist = { url = "https://files.pythonhosted.org/packages/a8/ad/a2a32d91effe0f84a300b9ba6c9d000bd52f31b77f8e49d8fd8653a9ddc3/pytest_random_order-1.2.0.tar.gz", hash = "sha256:12b2d4ee977ec9922b5e3575afe13c22cbdb06e3d03e550abc43df137b90439a", size = 107304, upload-time = "2025-06-22T14:44:43.807Z" }
wheels = [
    { url = "https://files.pythonhosted.org/packages/a4/7f/92c8dbe185aa38270fec1e73e0ed70d8e5de31963aa057ba621055f8b008/pytest_random_order-1.2.0-py3-none-any.whl", hash = "sha256:78d1d6f346222cdf26a7302c502d2f1cab19454529af960b8b9e1427a99ab277", size = 10889, upload-time = "2025-06-22T14:44:42.438Z" },
]

[[package]]
name = "pytest-xdist"
version = "3.8.0"
source = { registry = "https://pypi.org/simple" }
dependencies = [
    { name = "execnet" },
    { name = "pytest" },
]
sdist = { url = "https://files.pythonhosted.org/packages/78/b4/439b179d1ff526791eb921115fca8e44e596a13efeda518b9d845a619450/pytest_xdist-3.8.0.tar.gz", hash = "sha256:7e578125ec9bc6050861aa93f2d59f1d8d085595d6551c2c90b6f4fad8d3a9f1", size = 88069, upload-time = "2025-07-01T13:30:59.346Z" }
wheels = [
    { url = "https://files.pythonhosted.org/packages/ca/31/d4e37e9e550c2b92a9cbc2e4d0b7420a27224968580b5a447f420847c975/pytest_xdist-3.8.0-py3-none-any.whl", hash = "sha256:202ca578cfeb7370784a8c33d6d05bc6e13b4f25b5053c30a152269fd10f0b88", size = 46396, upload-time = "2025-07-01T13:30:56.632Z" },
]
